
Microsoft Visual Studio Solution File, Format Version 12.00
# Visual Studio Version 16
VisualStudioVersion = 16.0.33130.400
MinimumVisualStudioVersion = 10.0.40219.1
Project("{FAE04EC0-301F-11D3-BF4B-00C04F79EFBC}") = "contoh fyp", "contoh fyp\contoh fyp.csproj", "{1BEF8E31-8EAB-448E-9163-22B4D5A63E29}"
EndProject
Global
	GlobalSection(SolutionConfigurationPlatforms) = preSolution
		Debug|Any CPU = Debug|Any CPU
		Release|Any CPU = Release|Any CPU
	EndGlobalSection
	GlobalSection(ProjectConfigurationPlatforms) = postSolution
		{1BEF8E31-8EAB-448E-9163-22B4D5A63E29}.Debug|Any CPU.ActiveCfg = Debug|Any CPU
		{1BEF8E31-8EAB-448E-9163-22B4D5A63E29}.Debug|Any CPU.Build.0 = Debug|Any CPU
		{1BEF8E31-8EAB-448E-9163-22B4D5A63E29}.Release|Any CPU.ActiveCfg = Release|Any CPU
		{1BEF8E31-8EAB-448E-9163-22B4D5A63E29}.Release|Any CPU.Build.0 = Release|Any CPU
	EndGlobalSection
	GlobalSection(SolutionProperties) = preSolution
		HideSolutionNode = FALSE
	EndGlobalSection
	GlobalSection(ExtensibilityGlobals) = postSolution
		SolutionGuid = {614CDDB4-D80E-4C05-86EC-9819380371D2}
	EndGlobalSection
EndGlobal
